
Microsoft Visual Studio Solution File, Format Version 12.00
# Visual Studio Version 17
VisualStudioVersion = 17.0.31903.59
MinimumVisualStudioVersion = 10.0.40219.1
Project("{2150E333-8FDC-42A3-9474-1A3956D46DE8}") = "cv-backend", "cv-backend", "{5CF4CDF9-EBA7-8F43-69B3-95421CDF0F71}"
EndProject
Project("{2150E333-8FDC-42A3-9474-1A3956D46DE8}") = "src", "src", "{A50B9D99-DFA5-AC38-2EB8-CCD9A7725534}"
EndProject
Project("{FAE04EC0-301F-11D3-BF4B-00C04F79EFBC}") = "Portfolio.Api", "cv-backend\src\Portfolio.Api\Portfolio.Api.csproj", "{2C485715-D1CC-42A2-A820-2F319CD4CF03}"
EndProject
Project("{FAE04EC0-301F-11D3-BF4B-00C04F79EFBC}") = "Portfolio.Application", "cv-backend\src\Portfolio.Application\Portfolio.Application.csproj", "{EC881223-800B-4020-8D7E-C727FA87E2C8}"
EndProject
Project("{FAE04EC0-301F-11D3-BF4B-00C04F79EFBC}") = "Portfolio.Infrastructure", "cv-backend\src\Portfolio.Infrastructure\Portfolio.Infrastructure.csproj", "{ABA00198-9046-48CF-B59D-6664D62EC976}"
EndProject
Global
	GlobalSection(SolutionConfigurationPlatforms) = preSolution
		Debug|Any CPU = Debug|Any CPU
		Debug|x64 = Debug|x64
		Debug|x86 = Debug|x86
		Release|Any CPU = Release|Any CPU
		Release|x64 = Release|x64
		Release|x86 = Release|x86
	EndGlobalSection
	GlobalSection(ProjectConfigurationPlatforms) = postSolution
		{2C485715-D1CC-42A2-A820-2F319CD4CF03}.Debug|Any CPU.ActiveCfg = Debug|Any CPU
		{2C485715-D1CC-42A2-A820-2F319CD4CF03}.Debug|Any CPU.Build.0 = Debug|Any CPU
		{2C485715-D1CC-42A2-A820-2F319CD4CF03}.Debug|x64.ActiveCfg = Debug|Any CPU
		{2C485715-D1CC-42A2-A820-2F319CD4CF03}.Debug|x64.Build.0 = Debug|Any CPU
		{2C485715-D1CC-42A2-A820-2F319CD4CF03}.Debug|x86.ActiveCfg = Debug|Any CPU
		{2C485715-D1CC-42A2-A820-2F319CD4CF03}.Debug|x86.Build.0 = Debug|Any CPU
		{2C485715-D1CC-42A2-A820-2F319CD4CF03}.Release|Any CPU.ActiveCfg = Release|Any CPU
		{2C485715-D1CC-42A2-A820-2F319CD4CF03}.Release|Any CPU.Build.0 = Release|Any CPU
		{2C485715-D1CC-42A2-A820-2F319CD4CF03}.Release|x64.ActiveCfg = Release|Any CPU
		{2C485715-D1CC-42A2-A820-2F319CD4CF03}.Release|x64.Build.0 = Release|Any CPU
		{2C485715-D1CC-42A2-A820-2F319CD4CF03}.Release|x86.ActiveCfg = Release|Any CPU
		{2C485715-D1CC-42A2-A820-2F319CD4CF03}.Release|x86.Build.0 = Release|Any CPU
		{EC881223-800B-4020-8D7E-C727FA87E2C8}.Debug|Any CPU.ActiveCfg = Debug|Any CPU
		{EC881223-800B-4020-8D7E-C727FA87E2C8}.Debug|Any CPU.Build.0 = Debug|Any CPU
		{EC881223-800B-4020-8D7E-C727FA87E2C8}.Debug|x64.ActiveCfg = Debug|Any CPU
		{EC881223-800B-4020-8D7E-C727FA87E2C8}.Debug|x64.Build.0 = Debug|Any CPU
		{EC881223-800B-4020-8D7E-C727FA87E2C8}.Debug|x86.ActiveCfg = Debug|Any CPU
		{EC881223-800B-4020-8D7E-C727FA87E2C8}.Debug|x86.Build.0 = Debug|Any CPU
		{EC881223-800B-4020-8D7E-C727FA87E2C8}.Release|Any CPU.ActiveCfg = Release|Any CPU
		{EC881223-800B-4020-8D7E-C727FA87E2C8}.Release|Any CPU.Build.0 = Release|Any CPU
		{EC881223-800B-4020-8D7E-C727FA87E2C8}.Release|x64.ActiveCfg = Release|Any CPU
		{EC881223-800B-4020-8D7E-C727FA87E2C8}.Release|x64.Build.0 = Release|Any CPU
		{EC881223-800B-4020-8D7E-C727FA87E2C8}.Release|x86.ActiveCfg = Release|Any CPU
		{EC881223-800B-4020-8D7E-C727FA87E2C8}.Release|x86.Build.0 = Release|Any CPU
		{ABA00198-9046-48CF-B59D-6664D62EC976}.Debug|Any CPU.ActiveCfg = Debug|Any CPU
		{ABA00198-9046-48CF-B59D-6664D62EC976}.Debug|Any CPU.Build.0 = Debug|Any CPU
		{ABA00198-9046-48CF-B59D-6664D62EC976}.Debug|x64.ActiveCfg = Debug|Any CPU
		{ABA00198-9046-48CF-B59D-6664D62EC976}.Debug|x64.Build.0 = Debug|Any CPU
		{ABA00198-9046-48CF-B59D-6664D62EC976}.Debug|x86.ActiveCfg = Debug|Any CPU
		{ABA00198-9046-48CF-B59D-6664D62EC976}.Debug|x86.Build.0 = Debug|Any CPU
		{ABA00198-9046-48CF-B59D-6664D62EC976}.Release|Any CPU.ActiveCfg = Release|Any CPU
		{ABA00198-9046-48CF-B59D-6664D62EC976}.Release|Any CPU.Build.0 = Release|Any CPU
		{ABA00198-9046-48CF-B59D-6664D62EC976}.Release|x64.ActiveCfg = Release|Any CPU
		{ABA00198-9046-48CF-B59D-6664D62EC976}.Release|x64.Build.0 = Release|Any CPU
		{ABA00198-9046-48CF-B59D-6664D62EC976}.Release|x86.ActiveCfg = Release|Any CPU
		{ABA00198-9046-48CF-B59D-6664D62EC976}.Release|x86.Build.0 = Release|Any CPU
	EndGlobalSection
	GlobalSection(SolutionProperties) = preSolution
		HideSolutionNode = FALSE
	EndGlobalSection
	GlobalSection(NestedProjects) = preSolution
		{A50B9D99-DFA5-AC38-2EB8-CCD9A7725534} = {5CF4CDF9-EBA7-8F43-69B3-95421CDF0F71}
		{2C485715-D1CC-42A2-A820-2F319CD4CF03} = {A50B9D99-DFA5-AC38-2EB8-CCD9A7725534}
		{EC881223-800B-4020-8D7E-C727FA87E2C8} = {A50B9D99-DFA5-AC38-2EB8-CCD9A7725534}
		{ABA00198-9046-48CF-B59D-6664D62EC976} = {A50B9D99-DFA5-AC38-2EB8-CCD9A7725534}
	EndGlobalSection
EndGlobal
